
Microsoft Visual Studio Solution File, Format Version 12.00
# Visual Studio Version 17
VisualStudioVersion = 17.10.34928.147
MinimumVisualStudioVersion = 10.0.40219.1
Project("{9A19103F-16F7-4668-BE54-9A1E7A4F7556}") = "Restaurant", "Restaurant\Restaurant.csproj", "{85A0959E-3711-4A8B-8886-98347FD70B85}"
EndProject
Project("{FAE04EC0-301F-11D3-BF4B-00C04F79EFBC}") = "Casino", "Casino\Casino.csproj", "{5C1C241A-0DAE-444C-A3FB-2AD31E4BF1FD}"
EndProject
Global
	GlobalSection(SolutionConfigurationPlatforms) = preSolution
		Debug|Any CPU = Debug|Any CPU
		Release|Any CPU = Release|Any CPU
	EndGlobalSection
	GlobalSection(ProjectConfigurationPlatforms) = postSolution
		{85A0959E-3711-4A8B-8886-98347FD70B85}.Debug|Any CPU.ActiveCfg = Debug|Any CPU
		{85A0959E-3711-4A8B-8886-98347FD70B85}.Debug|Any CPU.Build.0 = Debug|Any CPU
		{85A0959E-3711-4A8B-8886-98347FD70B85}.Release|Any CPU.ActiveCfg = Release|Any CPU
		{85A0959E-3711-4A8B-8886-98347FD70B85}.Release|Any CPU.Build.0 = Release|Any CPU
		{5C1C241A-0DAE-444C-A3FB-2AD31E4BF1FD}.Debug|Any CPU.ActiveCfg = Debug|Any CPU
		{5C1C241A-0DAE-444C-A3FB-2AD31E4BF1FD}.Debug|Any CPU.Build.0 = Debug|Any CPU
		{5C1C241A-0DAE-444C-A3FB-2AD31E4BF1FD}.Release|Any CPU.ActiveCfg = Release|Any CPU
		{5C1C241A-0DAE-444C-A3FB-2AD31E4BF1FD}.Release|Any CPU.Build.0 = Release|Any CPU
	EndGlobalSection
	GlobalSection(SolutionProperties) = preSolution
		HideSolutionNode = FALSE
	EndGlobalSection
	GlobalSection(ExtensibilityGlobals) = postSolution
		SolutionGuid = {713E39EB-7B50-445B-A92C-B3FDF55C2A0E}
	EndGlobalSection
EndGlobal
